
Microsoft Visual Studio Solution File, Format Version 12.00
# Visual Studio Version 17
VisualStudioVersion = 17.14.36212.18 d17.14
MinimumVisualStudioVersion = 10.0.40219.1
Project("{FAE04EC0-301F-11D3-BF4B-00C04F79EFBC}") = "WallpaperShuffle", "WallpaperShuffle.csproj", "{4A820B26-EF78-481E-B086-9EB7DF91CA2E}"
EndProject
Global
	GlobalSection(SolutionConfigurationPlatforms) = preSolution
		Debug|Any CPU = Debug|Any CPU
		Release|Any CPU = Release|Any CPU
	EndGlobalSection
	GlobalSection(ProjectConfigurationPlatforms) = postSolution
		{4A820B26-EF78-481E-B086-9EB7DF91CA2E}.Debug|Any CPU.ActiveCfg = Debug|Any CPU
		{4A820B26-EF78-481E-B086-9EB7DF91CA2E}.Debug|Any CPU.Build.0 = Debug|Any CPU
		{4A820B26-EF78-481E-B086-9EB7DF91CA2E}.Release|Any CPU.ActiveCfg = Release|Any CPU
		{4A820B26-EF78-481E-B086-9EB7DF91CA2E}.Release|Any CPU.Build.0 = Release|Any CPU
	EndGlobalSection
	GlobalSection(SolutionProperties) = preSolution
		HideSolutionNode = FALSE
	EndGlobalSection
	GlobalSection(ExtensibilityGlobals) = postSolution
		SolutionGuid = {9DB8AF55-7842-4DBE-9022-DC382F703A36}
	EndGlobalSection
EndGlobal
